
Microsoft Visual Studio Solution File, Format Version 12.00
# Visual Studio 14
VisualStudioVersion = 14.0.25420.1
MinimumVisualStudioVersion = 10.0.40219.1
Project("{FAE04EC0-301F-11D3-BF4B-00C04F79EFBC}") = "flix", "flix\flix.csproj", "{A65B2F4B-9A93-423F-9656-187CEB4EE70F}"
EndProject
Global
	GlobalSection(SolutionConfigurationPlatforms) = preSolution
		Debug|Any CPU = Debug|Any CPU
		Release|Any CPU = Release|Any CPU
	EndGlobalSection
	GlobalSection(ProjectConfigurationPlatforms) = postSolution
		{A65B2F4B-9A93-423F-9656-187CEB4EE70F}.Debug|Any CPU.ActiveCfg = Debug|Any CPU
		{A65B2F4B-9A93-423F-9656-187CEB4EE70F}.Debug|Any CPU.Build.0 = Debug|Any CPU
		{A65B2F4B-9A93-423F-9656-187CEB4EE70F}.Release|Any CPU.ActiveCfg = Release|Any CPU
		{A65B2F4B-9A93-423F-9656-187CEB4EE70F}.Release|Any CPU.Build.0 = Release|Any CPU
	EndGlobalSection
	GlobalSection(SolutionProperties) = preSolution
		HideSolutionNode = FALSE
	EndGlobalSection
EndGlobal
